
Microsoft Visual Studio Solution File, Format Version 12.00
# Visual Studio Version 17
VisualStudioVersion = 17.2.32516.85
MinimumVisualStudioVersion = 10.0.40219.1
Project("{FAE04EC0-301F-11D3-BF4B-00C04F79EFBC}") = "BookStoreWeb", "BookStoreWeb\BookStoreWeb.csproj", "{FC7F8DA1-181A-4482-8EAB-5F6F80126D5B}"
EndProject
Global
	GlobalSection(SolutionConfigurationPlatforms) = preSolution
		Debug|Any CPU = Debug|Any CPU
		Release|Any CPU = Release|Any CPU
	EndGlobalSection
	GlobalSection(ProjectConfigurationPlatforms) = postSolution
		{FC7F8DA1-181A-4482-8EAB-5F6F80126D5B}.Debug|Any CPU.ActiveCfg = Debug|Any CPU
		{FC7F8DA1-181A-4482-8EAB-5F6F80126D5B}.Debug|Any CPU.Build.0 = Debug|Any CPU
		{FC7F8DA1-181A-4482-8EAB-5F6F80126D5B}.Release|Any CPU.ActiveCfg = Release|Any CPU
		{FC7F8DA1-181A-4482-8EAB-5F6F80126D5B}.Release|Any CPU.Build.0 = Release|Any CPU
	EndGlobalSection
	GlobalSection(SolutionProperties) = preSolution
		HideSolutionNode = FALSE
	EndGlobalSection
	GlobalSection(ExtensibilityGlobals) = postSolution
		SolutionGuid = {5A10F79A-F726-4B4B-9AA7-4FA1ABEA1CB0}
	EndGlobalSection
EndGlobal
